
Microsoft Visual Studio Solution File, Format Version 12.00
# Visual Studio 15
Project("{FAE04EC0-301F-11D3-BF4B-00C04F79EFBC}") = "Assembly-CSharp", "Assembly-CSharp.csproj", "{8ED60949-3F23-E8EF-341C-69561F581711}"
EndProject
Project("{FAE04EC0-301F-11D3-BF4B-00C04F79EFBC}") = "VuforiaScripts", "VuforiaScripts.csproj", "{89337E1C-880F-CB2F-945E-C229EDF57EE9}"
EndProject
Project("{FAE04EC0-301F-11D3-BF4B-00C04F79EFBC}") = "Assembly-CSharp-Editor", "Assembly-CSharp-Editor.csproj", "{5068EE46-2BBA-70BE-2702-EE7CFFEE21AF}"
EndProject
Project("{FAE04EC0-301F-11D3-BF4B-00C04F79EFBC}") = "VuforiaEditorScripts", "VuforiaEditorScripts.csproj", "{F062D7EE-26B3-3127-FE90-DC41EB04560D}"
EndProject
Global
	GlobalSection(SolutionConfigurationPlatforms) = preSolution
		Debug|Any CPU = Debug|Any CPU
		Release|Any CPU = Release|Any CPU
	EndGlobalSection
	GlobalSection(ProjectConfigurationPlatforms) = postSolution
		{8ED60949-3F23-E8EF-341C-69561F581711}.Debug|Any CPU.ActiveCfg = Debug|Any CPU
		{8ED60949-3F23-E8EF-341C-69561F581711}.Debug|Any CPU.Build.0 = Debug|Any CPU
		{8ED60949-3F23-E8EF-341C-69561F581711}.Release|Any CPU.ActiveCfg = Release|Any CPU
		{8ED60949-3F23-E8EF-341C-69561F581711}.Release|Any CPU.Build.0 = Release|Any CPU
		{89337E1C-880F-CB2F-945E-C229EDF57EE9}.Debug|Any CPU.ActiveCfg = Debug|Any CPU
		{89337E1C-880F-CB2F-945E-C229EDF57EE9}.Debug|Any CPU.Build.0 = Debug|Any CPU
		{89337E1C-880F-CB2F-945E-C229EDF57EE9}.Release|Any CPU.ActiveCfg = Release|Any CPU
		{89337E1C-880F-CB2F-945E-C229EDF57EE9}.Release|Any CPU.Build.0 = Release|Any CPU
		{5068EE46-2BBA-70BE-2702-EE7CFFEE21AF}.Debug|Any CPU.ActiveCfg = Debug|Any CPU
		{5068EE46-2BBA-70BE-2702-EE7CFFEE21AF}.Debug|Any CPU.Build.0 = Debug|Any CPU
		{5068EE46-2BBA-70BE-2702-EE7CFFEE21AF}.Release|Any CPU.ActiveCfg = Release|Any CPU
		{5068EE46-2BBA-70BE-2702-EE7CFFEE21AF}.Release|Any CPU.Build.0 = Release|Any CPU
		{F062D7EE-26B3-3127-FE90-DC41EB04560D}.Debug|Any CPU.ActiveCfg = Debug|Any CPU
		{F062D7EE-26B3-3127-FE90-DC41EB04560D}.Debug|Any CPU.Build.0 = Debug|Any CPU
		{F062D7EE-26B3-3127-FE90-DC41EB04560D}.Release|Any CPU.ActiveCfg = Release|Any CPU
		{F062D7EE-26B3-3127-FE90-DC41EB04560D}.Release|Any CPU.Build.0 = Release|Any CPU
	EndGlobalSection
	GlobalSection(SolutionProperties) = preSolution
		HideSolutionNode = FALSE
	EndGlobalSection
EndGlobal
